// !$*UTF8*$!
{
	archiveVersion = 1;
	classes = {
	};
	objectVersion = 50;
	objects = {

/* Begin PBXBuildFile section */
		DA2D10F724858A6000C70E25 /* AppDelegate.swift in Sources */ = {isa = PBXBuildFile; fileRef = DA2D10F624858A6000C70E25 /* AppDelegate.swift */; };
		DA2D10F924858A6000C70E25 /* SceneDelegate.swift in Sources */ = {isa = PBXBuildFile; fileRef = DA2D10F824858A6000C70E25 /* SceneDelegate.swift */; };
		DA2D10FC24858A6000C70E25 /* CupcakeCorner.xcdatamodeld in Sources */ = {isa = PBXBuildFile; fileRef = DA2D10FA24858A6000C70E25 /* CupcakeCorner.xcdatamodeld */; };
		DA2D10FE24858A6000C70E25 /* ContentView.swift in Sources */ = {isa = PBXBuildFile; fileRef = DA2D10FD24858A6000C70E25 /* ContentView.swift */; };
		DA2D110024858A6100C70E25 /* Assets.xcassets in Resources */ = {isa = PBXBuildFile; fileRef = DA2D10FF24858A6100C70E25 /* Assets.xcassets */; };
		DA2D110324858A6100C70E25 /* Preview Assets.xcassets in Resources */ = {isa = PBXBuildFile; fileRef = DA2D110224858A6100C70E25 /* Preview Assets.xcassets */; };
		DA2D110624858A6100C70E25 /* LaunchScreen.storyboard in Resources */ = {isa = PBXBuildFile; fileRef = DA2D110424858A6100C70E25 /* LaunchScreen.storyboard */; };
		DA2D111124858A6100C70E25 /* CupcakeCornerTests.swift in Sources */ = {isa = PBXBuildFile; fileRef = DA2D111024858A6100C70E25 /* CupcakeCornerTests.swift */; };
/* End PBXBuildFile section */

/* Begin PBXContainerItemProxy section */
		DA2D110D24858A6100C70E25 /* PBXContainerItemProxy */ = {
			isa = PBXContainerItemProxy;
			containerPortal = DA2D10EB24858A6000C70E25 /* Project object */;
			proxyType = 1;
			remoteGlobalIDString = DA2D10F224858A6000C70E25;
			remoteInfo = CupcakeCorner;
		};
/* End PBXContainerItemProxy section */

/* Begin PBXFileReference section */
		DA2D10F324858A6000C70E25 /* CupcakeCorner.app */ = {isa = PBXFileReference; explicitFileType = wrapper.application; includeInIndex = 0; path = CupcakeCorner.app; sourceTree = BUILT_PRODUCTS_DIR; };
		DA2D10F624858A6000C70E25 /* AppDelegate.swift */ = {isa = PBXFileReference; lastKnownFileType = sourcecode.swift; path = AppDelegate.swift; sourceTree = "<group>"; };
		DA2D10F824858A6000C70E25 /* SceneDelegate.swift */ = {isa = PBXFileReference; lastKnownFileType = sourcecode.swift; path = SceneDelegate.swift; sourceTree = "<group>"; };
		DA2D10FB24858A6000C70E25 /* CupcakeCorner.xcdatamodel */ = {isa = PBXFileReference; lastKnownFileType = wrapper.xcdatamodel; path = CupcakeCorner.xcdatamodel; sourceTree = "<group>"; };
		DA2D10FD24858A6000C70E25 /* ContentView.swift */ = {isa = PBXFileReference; lastKnownFileType = sourcecode.swift; path = ContentView.swift; sourceTree = "<group>"; };
		DA2D10FF24858A6100C70E25 /* Assets.xcassets */ = {isa = PBXFileReference; lastKnownFileType = folder.assetcatalog; path = Assets.xcassets; sourceTree = "<group>"; };
		DA2D110224858A6100C70E25 /* Preview Assets.xcassets */ = {isa = PBXFileReference; lastKnownFileType = folder.assetcatalog; path = "Preview Assets.xcassets"; sourceTree = "<group>"; };
		DA2D110524858A6100C70E25 /* Base */ = {isa = PBXFileReference; lastKnownFileType = file.storyboard; name = Base; path = Base.lproj/LaunchScreen.storyboard; sourceTree = "<group>"; };
		DA2D110724858A6100C70E25 /* Info.plist */ = {isa = PBXFileReference; lastKnownFileType = text.plist.xml; path = Info.plist; sourceTree = "<group>"; };
		DA2D110C24858A6100C70E25 /* CupcakeCornerTests.xctest */ = {isa = PBXFileReference; explicitFileType = wrapper.cfbundle; includeInIndex = 0; path = CupcakeCornerTests.xctest; sourceTree = BUILT_PRODUCTS_DIR; };
		DA2D111024858A6100C70E25 /* CupcakeCornerTests.swift */ = {isa = PBXFileReference; lastKnownFileType = sourcecode.swift; path = CupcakeCornerTests.swift; sourceTree = "<group>"; };
		DA2D111224858A6100C70E25 /* Info.plist */ = {isa = PBXFileReference; lastKnownFileType = text.plist.xml; path = Info.plist; sourceTree = "<group>"; };
/* End PBXFileReference section */

/* Begin PBXFrameworksBuildPhase section */
		DA2D10F024858A6000C70E25 /* Frameworks */ = {
			isa = PBXFrameworksBuildPhase;
			buildActionMask = 2147483647;
			files = (
			);
			runOnlyForDeploymentPostprocessing = 0;
		};
		DA2D110924858A6100C70E25 /* Frameworks */ = {
			isa = PBXFrameworksBuildPhase;
			buildActionMask = 2147483647;
			files = (
			);
			runOnlyForDeploymentPostprocessing = 0;
		};
/* End PBXFrameworksBuildPhase section */

/* Begin PBXGroup section */
		DA2D10EA24858A6000C70E25 = {
			isa = PBXGroup;
			children = (
				DA2D10F524858A6000C70E25 /* CupcakeCorner */,
				DA2D110F24858A6100C70E25 /* CupcakeCornerTests */,
				DA2D10F424858A6000C70E25 /* Products */,
			);
			sourceTree = "<group>";
		};
		DA2D10F424858A6000C70E25 /* Products */ = {
			isa = PBXGroup;
			children = (
				DA2D10F324858A6000C70E25 /* CupcakeCorner.app */,
				DA2D110C24858A6100C70E25 /* CupcakeCornerTests.xctest */,
			);
			name = Products;
			sourceTree = "<group>";
		};
		DA2D10F524858A6000C70E25 /* CupcakeCorner */ = {
			isa = PBXGroup;
			children = (
				DA2D10F624858A6000C70E25 /* AppDelegate.swift */,
				DA2D10F824858A6000C70E25 /* SceneDelegate.swift */,
				DA2D10FD24858A6000C70E25 /* ContentView.swift */,
				DA2D10FF24858A6100C70E25 /* Assets.xcassets */,
				DA2D110424858A6100C70E25 /* LaunchScreen.storyboard */,
				DA2D110724858A6100C70E25 /* Info.plist */,
				DA2D10FA24858A6000C70E25 /* CupcakeCorner.xcdatamodeld */,
				DA2D110124858A6100C70E25 /* Preview Content */,
			);
			path = CupcakeCorner;
			sourceTree = "<group>";
		};
		DA2D110124858A6100C70E25 /* Preview Content */ = {
			isa = PBXGroup;
			children = (
				DA2D110224858A6100C70E25 /* Preview Assets.xcassets */,
			);
			path = "Preview Content";
			sourceTree = "<group>";
		};
		DA2D110F24858A6100C70E25 /* CupcakeCornerTests */ = {
			isa = PBXGroup;
			children = (
				DA2D111024858A6100C70E25 /* CupcakeCornerTests.swift */,
				DA2D111224858A6100C70E25 /* Info.plist */,
			);
			path = CupcakeCornerTests;
			sourceTree = "<group>";
		};
/* End PBXGroup section */

/* Begin PBXNativeTarget section */
		DA2D10F224858A6000C70E25 /* CupcakeCorner */ = {
			isa = PBXNativeTarget;
			buildConfigurationList = DA2D111524858A6100C70E25 /* Build configuration list for PBXNativeTarget "CupcakeCorner" */;
			buildPhases = (
				DA2D10EF24858A6000C70E25 /* Sources */,
				DA2D10F024858A6000C70E25 /* Frameworks */,
				DA2D10F124858A6000C70E25 /* Resources */,
			);
			buildRules = (
			);
			dependencies = (
			);
			name = CupcakeCorner;
			productName = CupcakeCorner;
			productReference = DA2D10F324858A6000C70E25 /* CupcakeCorner.app */;
			productType = "com.apple.product-type.application";
		};
		DA2D110B24858A6100C70E25 /* CupcakeCornerTests */ = {
			isa = PBXNativeTarget;
			buildConfigurationList = DA2D111824858A6100C70E25 /* Build configuration list for PBXNativeTarget "CupcakeCornerTests" */;
			buildPhases = (
				DA2D110824858A6100C70E25 /* Sources */,
				DA2D110924858A6100C70E25 /* Frameworks */,
				DA2D110A24858A6100C70E25 /* Resources */,
			);
			buildRules = (
			);
			dependencies = (
				DA2D110E24858A6100C70E25 /* PBXTargetDependency */,
			);
			name = CupcakeCornerTests;
			productName = CupcakeCornerTests;
			productReference = DA2D110C24858A6100C70E25 /* CupcakeCornerTests.xctest */;
			productType = "com.apple.product-type.bundle.unit-test";
		};
/* End PBXNativeTarget section */

/* Begin PBXProject section */
		DA2D10EB24858A6000C70E25 /* Project object */ = {
			isa = PBXProject;
			attributes = {
				LastSwiftUpdateCheck = 1150;
				LastUpgradeCheck = 1150;
				ORGANIZATIONNAME = "Josh Franco";
				TargetAttributes = {
					DA2D10F224858A6000C70E25 = {
						CreatedOnToolsVersion = 11.5;
					};
					DA2D110B24858A6100C70E25 = {
						CreatedOnToolsVersion = 11.5;
						TestTargetID = DA2D10F224858A6000C70E25;
					};
				};
			};
			buildConfigurationList = DA2D10EE24858A6000C70E25 /* Build configuration list for PBXProject "CupcakeCorner" */;
			compatibilityVersion = "Xcode 9.3";
			developmentRegion = en;
			hasScannedForEncodings = 0;
			knownRegions = (
				en,
				Base,
			);
			mainGroup = DA2D10EA24858A6000C70E25;
			productRefGroup = DA2D10F424858A6000C70E25 /* Products */;
			projectDirPath = "";
			projectRoot = "";
			targets = (
				DA2D10F224858A6000C70E25 /* CupcakeCorner */,
				DA2D110B24858A6100C70E25 /* CupcakeCornerTests */,
			);
		};
/* End PBXProject section */

/* Begin PBXResourcesBuildPhase section */
		DA2D10F124858A6000C70E25 /* Resources */ = {
			isa = PBXResourcesBuildPhase;
			buildActionMask = 2147483647;
			files = (
				DA2D110624858A6100C70E25 /* LaunchScreen.storyboard in Resources */,
				DA2D110324858A6100C70E25 /* Preview Assets.xcassets in Resources */,
				DA2D110024858A6100C70E25 /* Assets.xcassets in Resources */,
			);
			runOnlyForDeploymentPostprocessing = 0;
		};
		DA2D110A24858A6100C70E25 /* Resources */ = {
			isa = PBXResourcesBuildPhase;
			buildActionMask = 2147483647;
			files = (
			);
			runOnlyForDeploymentPostprocessing = 0;
		};
/* End PBXResourcesBuildPhase section */

/* Begin PBXSourcesBuildPhase section */
		DA2D10EF24858A6000C70E25 /* Sources */ = {
			isa = PBXSourcesBuildPhase;
			buildActionMask = 2147483647;
			files = (
				DA2D10F724858A6000C70E25 /* AppDelegate.swift in Sources */,
				DA2D10FC24858A6000C70E25 /* CupcakeCorner.xcdatamodeld in Sources */,
				DA2D10FE24858A6000C70E25 /* ContentView.swift in Sources */,
				DA2D10F924858A6000C70E25 /* SceneDelegate.swift in Sources */,
			);
			runOnlyForDeploymentPostprocessing = 0;
		};
		DA2D110824858A6100C70E25 /* Sources */ = {
			isa = PBXSourcesBuildPhase;
			buildActionMask = 2147483647;
			files = (
				DA2D111124858A6100C70E25 /* CupcakeCornerTests.swift in Sources */,
			);
			runOnlyForDeploymentPostprocessing = 0;
		};
/* End PBXSourcesBuildPhase section */

/* Begin PBXTargetDependency section */
		DA2D110E24858A6100C70E25 /* PBXTargetDependency */ = {
			isa = PBXTargetDependency;
			target = DA2D10F224858A6000C70E25 /* CupcakeCorner */;
			targetProxy = DA2D110D24858A6100C70E25 /* PBXContainerItemProxy */;
		};
/* End PBXTargetDependency section */

/* Begin PBXVariantGroup section */
		DA2D110424858A6100C70E25 /* LaunchScreen.storyboard */ = {
			isa = PBXVariantGroup;
			children = (
				DA2D110524858A6100C70E25 /* Base */,
			);
			name = LaunchScreen.storyboard;
			sourceTree = "<group>";
		};
/* End PBXVariantGroup section */

/* Begin XCBuildConfiguration section */
		DA2D111324858A6100C70E25 /* Debug */ = {
			isa = XCBuildConfiguration;
			buildSettings = {
				ALWAYS_SEARCH_USER_PATHS = NO;
				CLANG_ANALYZER_NONNULL = YES;
				CLANG_ANALYZER_NUMBER_OBJECT_CONVERSION = YES_AGGRESSIVE;
				CLANG_CXX_LANGUAGE_STANDARD = "gnu++14";
				CLANG_CXX_LIBRARY = "libc++";
				CLANG_ENABLE_MODULES = YES;
				CLANG_ENABLE_OBJC_ARC = YES;
				CLANG_ENABLE_OBJC_WEAK = YES;
				CLANG_WARN_BLOCK_CAPTURE_AUTORELEASING = YES;
				CLANG_WARN_BOOL_CONVERSION = YES;
				CLANG_WARN_COMMA = YES;
				CLANG_WARN_CONSTANT_CONVERSION = YES;
				CLANG_WARN_DEPRECATED_OBJC_IMPLEMENTATIONS = YES;
				CLANG_WARN_DIRECT_OBJC_ISA_USAGE = YES_ERROR;
				CLANG_WARN_DOCUMENTATION_COMMENTS = YES;
				CLANG_WARN_EMPTY_BODY = YES;
				CLANG_WARN_ENUM_CONVERSION = YES;
				CLANG_WARN_INFINITE_RECURSION = YES;
				CLANG_WARN_INT_CONVERSION = YES;
				CLANG_WARN_NON_LITERAL_NULL_CONVERSION = YES;
				CLANG_WARN_OBJC_IMPLICIT_RETAIN_SELF = YES;
				CLANG_WARN_OBJC_LITERAL_CONVERSION = YES;
				CLANG_WARN_OBJC_ROOT_CLASS = YES_ERROR;
				CLANG_WARN_RANGE_LOOP_ANALYSIS = YES;
				CLANG_WARN_STRICT_PROTOTYPES = YES;
				CLANG_WARN_SUSPICIOUS_MOVE = YES;
				CLANG_WARN_UNGUARDED_AVAILABILITY = YES_AGGRESSIVE;
				CLANG_WARN_UNREACHABLE_CODE = YES;
				CLANG_WARN__DUPLICATE_METHOD_MATCH = YES;
				COPY_PHASE_STRIP = NO;
				DEBUG_INFORMATION_FORMAT = dwarf;
				ENABLE_STRICT_OBJC_MSGSEND = YES;
				ENABLE_TESTABILITY = YES;
				GCC_C_LANGUAGE_STANDARD = gnu11;
				GCC_DYNAMIC_NO_PIC = NO;
				GCC_NO_COMMON_BLOCKS = YES;
				GCC_OPTIMIZATION_LEVEL = 0;
				GCC_PREPROCESSOR_DEFINITIONS = (
					"DEBUG=1",
					"$(inherited)",
				);
				GCC_WARN_64_TO_32_BIT_CONVERSION = YES;
				GCC_WARN_ABOUT_RETURN_TYPE = YES_ERROR;
				GCC_WARN_UNDECLARED_SELECTOR = YES;
				GCC_WARN_UNINITIALIZED_AUTOS = YES_AGGRESSIVE;
				GCC_WARN_UNUSED_FUNCTION = YES;
				GCC_WARN_UNUSED_VARIABLE = YES;
				IPHONEOS_DEPLOYMENT_TARGET = 13.5;
				MTL_ENABLE_DEBUG_INFO = INCLUDE_SOURCE;
				MTL_FAST_MATH = YES;
				ONLY_ACTIVE_ARCH = YES;
				SDKROOT = iphoneos;
				SWIFT_ACTIVE_COMPILATION_CONDITIONS = DEBUG;
				SWIFT_OPTIMIZATION_LEVEL = "-Onone";
			};
			name = Debug;
		};
		DA2D111424858A6100C70E25 /* Release */ = {
			isa = XCBuildConfiguration;
			buildSettings = {
				ALWAYS_SEARCH_USER_PATHS = NO;
				CLANG_ANALYZER_NONNULL = YES;
				CLANG_ANALYZER_NUMBER_OBJECT_CONVERSION = YES_AGGRESSIVE;
				CLANG_CXX_LANGUAGE_STANDARD = "gnu++14";
				CLANG_CXX_LIBRARY = "libc++";
				CLANG_ENABLE_MODULES = YES;
				CLANG_ENABLE_OBJC_ARC = YES;
				CLANG_ENABLE_OBJC_WEAK = YES;
				CLANG_WARN_BLOCK_CAPTURE_AUTORELEASING = YES;
				CLANG_WARN_BOOL_CONVERSION = YES;
				CLANG_WARN_COMMA = YES;
				CLANG_WARN_CONSTANT_CONVERSION = YES;
				CLANG_WARN_DEPRECATED_OBJC_IMPLEMENTATIONS = YES;
				CLANG_WARN_DIRECT_OBJC_ISA_USAGE = YES_ERROR;
				CLANG_WARN_DOCUMENTATION_COMMENTS = YES;
				CLANG_WARN_EMPTY_BODY = YES;
				CLANG_WARN_ENUM_CONVERSION = YES;
				CLANG_WARN_INFINITE_RECURSION = YES;
				CLANG_WARN_INT_CONVERSION = YES;
				CLANG_WARN_NON_LITERAL_NULL_CONVERSION = YES;
				CLANG_WARN_OBJC_IMPLICIT_RETAIN_SELF = YES;
				CLANG_WARN_OBJC_LITERAL_CONVERSION = YES;
				CLANG_WARN_OBJC_ROOT_CLASS = YES_ERROR;
				CLANG_WARN_RANGE_LOOP_ANALYSIS = YES;
				CLANG_WARN_STRICT_PROTOTYPES = YES;
				CLANG_WARN_SUSPICIOUS_MOVE = YES;
				CLANG_WARN_UNGUARDED_AVAILABILITY = YES_AGGRESSIVE;
				CLANG_WARN_UNREACHABLE_CODE = YES;
				CLANG_WARN__DUPLICATE_METHOD_MATCH = YES;
				COPY_PHASE_STRIP = NO;
				DEBUG_INFORMATION_FORMAT = "dwarf-with-dsym";
				ENABLE_NS_ASSERTIONS = NO;
				ENABLE_STRICT_OBJC_MSGSEND = YES;
				GCC_C_LANGUAGE_STANDARD = gnu11;
				GCC_NO_COMMON_BLOCKS = YES;
				GCC_WARN_64_TO_32_BIT_CONVERSION = YES;
				GCC_WARN_ABOUT_RETURN_TYPE = YES_ERROR;
				GCC_WARN_UNDECLARED_SELECTOR = YES;
				GCC_WARN_UNINITIALIZED_AUTOS = YES_AGGRESSIVE;
				GCC_WARN_UNUSED_FUNCTION = YES;
				GCC_WARN_UNUSED_VARIABLE = YES;
				IPHONEOS_DEPLOYMENT_TARGET = 13.5;
				MTL_ENABLE_DEBUG_INFO = NO;
				MTL_FAST_MATH = YES;
				SDKROOT = iphoneos;
				SWIFT_COMPILATION_MODE = wholemodule;
				SWIFT_OPTIMIZATION_LEVEL = "-O";
				VALIDATE_PRODUCT = YES;
			};
			name = Release;
		};
		DA2D111624858A6100C70E25 /* Debug */ = {
			isa = XCBuildConfiguration;
			buildSettings = {
				ASSETCATALOG_COMPILER_APPICON_NAME = AppIcon;
				CODE_SIGN_STYLE = Automatic;
				DEVELOPMENT_ASSET_PATHS = "\"CupcakeCorner/Preview Content\"";
				ENABLE_PREVIEWS = YES;
				INFOPLIST_FILE = CupcakeCorner/Info.plist;
				LD_RUNPATH_SEARCH_PATHS = (
					"$(inherited)",
					"@executable_path/Frameworks",
				);
				PRODUCT_BUNDLE_IDENTIFIER = jsfranco.CupcakeCorner;
				PRODUCT_NAME = "$(TARGET_NAME)";
				SWIFT_VERSION = 5.0;
				TARGETED_DEVICE_FAMILY = "1,2";
			};
			name = Debug;
		};
		DA2D111724858A6100C70E25 /* Release */ = {
			isa = XCBuildConfiguration;
			buildSettings = {
				ASSETCATALOG_COMPILER_APPICON_NAME = AppIcon;
				CODE_SIGN_STYLE = Automatic;
				DEVELOPMENT_ASSET_PATHS = "\"CupcakeCorner/Preview Content\"";
				ENABLE_PREVIEWS = YES;
				INFOPLIST_FILE = CupcakeCorner/Info.plist;
				LD_RUNPATH_SEARCH_PATHS = (
					"$(inherited)",
					"@executable_path/Frameworks",
				);
				PRODUCT_BUNDLE_IDENTIFIER = jsfranco.CupcakeCorner;
				PRODUCT_NAME = "$(TARGET_NAME)";
				SWIFT_VERSION = 5.0;
				TARGETED_DEVICE_FAMILY = "1,2";
			};
			name = Release;
		};
		DA2D111924858A6100C70E25 /* Debug */ = {
			isa = XCBuildConfiguration;
			buildSettings = {
				ALWAYS_EMBED_SWIFT_STANDARD_LIBRARIES = YES;
				BUNDLE_LOADER = "$(TEST_HOST)";
				CODE_SIGN_STYLE = Automatic;
				INFOPLIST_FILE = CupcakeCornerTests/Info.plist;
				IPHONEOS_DEPLOYMENT_TARGET = 13.5;
				LD_RUNPATH_SEARCH_PATHS = (
					"$(inherited)",
					"@executable_path/Frameworks",
					"@loader_path/Frameworks",
				);
				PRODUCT_BUNDLE_IDENTIFIER = jsfranco.CupcakeCornerTests;
				PRODUCT_NAME = "$(TARGET_NAME)";
				SWIFT_VERSION = 5.0;
				TARGETED_DEVICE_FAMILY = "1,2";
				TEST_HOST = "$(BUILT_PRODUCTS_DIR)/CupcakeCorner.app/CupcakeCorner";
			};
			name = Debug;
		};
		DA2D111A24858A6100C70E25 /* Release */ = {
			isa = XCBuildConfiguration;
			buildSettings = {
				ALWAYS_EMBED_SWIFT_STANDARD_LIBRARIES = YES;
				BUNDLE_LOADER = "$(TEST_HOST)";
				CODE_SIGN_STYLE = Automatic;
				INFOPLIST_FILE = CupcakeCornerTests/Info.plist;
				IPHONEOS_DEPLOYMENT_TARGET = 13.5;
				LD_RUNPATH_SEARCH_PATHS = (
					"$(inherited)",
					"@executable_path/Frameworks",
					"@loader_path/Frameworks",
				);
				PRODUCT_BUNDLE_IDENTIFIER = jsfranco.CupcakeCornerTests;
				PRODUCT_NAME = "$(TARGET_NAME)";
				SWIFT_VERSION = 5.0;
				TARGETED_DEVICE_FAMILY = "1,2";
				TEST_HOST = "$(BUILT_PRODUCTS_DIR)/CupcakeCorner.app/CupcakeCorner";
			};
			name = Release;
		};
/* End XCBuildConfiguration section */

/* Begin XCConfigurationList section */
		DA2D10EE24858A6000C70E25 /* Build configuration list for PBXProject "CupcakeCorner" */ = {
			isa = XCConfigurationList;
			buildConfigurations = (
				DA2D111324858A6100C70E25 /* Debug */,
				DA2D111424858A6100C70E25 /* Release */,
			);
			defaultConfigurationIsVisible = 0;
			defaultConfigurationName = Release;
		};
		DA2D111524858A6100C70E25 /* Build configuration list for PBXNativeTarget "CupcakeCorner" */ = {
			isa = XCConfigurationList;
			buildConfigurations = (
				DA2D111624858A6100C70E25 /* Debug */,
				DA2D111724858A6100C70E25 /* Release */,
			);
			defaultConfigurationIsVisible = 0;
			defaultConfigurationName = Release;
		};
		DA2D111824858A6100C70E25 /* Build configuration list for PBXNativeTarget "CupcakeCornerTests" */ = {
			isa = XCConfigurationList;
			buildConfigurations = (
				DA2D111924858A6100C70E25 /* Debug */,
				DA2D111A24858A6100C70E25 /* Release */,
			);
			defaultConfigurationIsVisible = 0;
			defaultConfigurationName = Release;
		};
/* End XCConfigurationList section */

/* Begin XCVersionGroup section */
		DA2D10FA24858A6000C70E25 /* CupcakeCorner.xcdatamodeld */ = {
			isa = XCVersionGroup;
			children = (
				DA2D10FB24858A6000C70E25 /* CupcakeCorner.xcdatamodel */,
			);
			currentVersion = DA2D10FB24858A6000C70E25 /* CupcakeCorner.xcdatamodel */;
			path = CupcakeCorner.xcdatamodeld;
			sourceTree = "<group>";
			versionGroupType = wrapper.xcdatamodel;
		};
/* End XCVersionGroup section */
	};
	rootObject = DA2D10EB24858A6000C70E25 /* Project object */;
}
